
Microsoft Visual Studio Solution File, Format Version 12.00
# Visual Studio Version 17
VisualStudioVersion = 17.0.31903.59
MinimumVisualStudioVersion = 10.0.40219.1
Project("{FAE04EC0-301F-11D3-BF4B-00C04F79EFBC}") = "SecondBrain.API", "SecondBrain.API\SecondBrain.API.csproj", "{F78868F8-3DBB-47E9-9803-E0DB77B13952}"
EndProject
Project("{FAE04EC0-301F-11D3-BF4B-00C04F79EFBC}") = "SecondBrain.Core", "SecondBrain.Core\SecondBrain.Core.csproj", "{4B4BD912-B740-489D-BCBB-A8065BE0E15A}"
EndProject
Project("{FAE04EC0-301F-11D3-BF4B-00C04F79EFBC}") = "SecondBrain.Infrastructure", "SecondBrain.Infrastructure\SecondBrain.Infrastructure.csproj", "{2D6A4F49-C42A-43E8-A4AD-3E99A5CE228F}"
EndProject
Project("{FAE04EC0-301F-11D3-BF4B-00C04F79EFBC}") = "SecondBrain.Tests", "SecondBrain.Tests\SecondBrain.Tests.csproj", "{A98055F7-39C7-4DB7-86A3-030CBAC4698D}"
EndProject
Global
	GlobalSection(SolutionConfigurationPlatforms) = preSolution
		Debug|Any CPU = Debug|Any CPU
		Debug|x64 = Debug|x64
		Debug|x86 = Debug|x86
		Release|Any CPU = Release|Any CPU
		Release|x64 = Release|x64
		Release|x86 = Release|x86
	EndGlobalSection
	GlobalSection(ProjectConfigurationPlatforms) = postSolution
		{F78868F8-3DBB-47E9-9803-E0DB77B13952}.Debug|Any CPU.ActiveCfg = Debug|Any CPU
		{F78868F8-3DBB-47E9-9803-E0DB77B13952}.Debug|Any CPU.Build.0 = Debug|Any CPU
		{F78868F8-3DBB-47E9-9803-E0DB77B13952}.Debug|x64.ActiveCfg = Debug|Any CPU
		{F78868F8-3DBB-47E9-9803-E0DB77B13952}.Debug|x64.Build.0 = Debug|Any CPU
		{F78868F8-3DBB-47E9-9803-E0DB77B13952}.Debug|x86.ActiveCfg = Debug|Any CPU
		{F78868F8-3DBB-47E9-9803-E0DB77B13952}.Debug|x86.Build.0 = Debug|Any CPU
		{F78868F8-3DBB-47E9-9803-E0DB77B13952}.Release|Any CPU.ActiveCfg = Release|Any CPU
		{F78868F8-3DBB-47E9-9803-E0DB77B13952}.Release|Any CPU.Build.0 = Release|Any CPU
		{F78868F8-3DBB-47E9-9803-E0DB77B13952}.Release|x64.ActiveCfg = Release|Any CPU
		{F78868F8-3DBB-47E9-9803-E0DB77B13952}.Release|x64.Build.0 = Release|Any CPU
		{F78868F8-3DBB-47E9-9803-E0DB77B13952}.Release|x86.ActiveCfg = Release|Any CPU
		{F78868F8-3DBB-47E9-9803-E0DB77B13952}.Release|x86.Build.0 = Release|Any CPU
		{4B4BD912-B740-489D-BCBB-A8065BE0E15A}.Debug|Any CPU.ActiveCfg = Debug|Any CPU
		{4B4BD912-B740-489D-BCBB-A8065BE0E15A}.Debug|Any CPU.Build.0 = Debug|Any CPU
		{4B4BD912-B740-489D-BCBB-A8065BE0E15A}.Debug|x64.ActiveCfg = Debug|Any CPU
		{4B4BD912-B740-489D-BCBB-A8065BE0E15A}.Debug|x64.Build.0 = Debug|Any CPU
		{4B4BD912-B740-489D-BCBB-A8065BE0E15A}.Debug|x86.ActiveCfg = Debug|Any CPU
		{4B4BD912-B740-489D-BCBB-A8065BE0E15A}.Debug|x86.Build.0 = Debug|Any CPU
		{4B4BD912-B740-489D-BCBB-A8065BE0E15A}.Release|Any CPU.ActiveCfg = Release|Any CPU
		{4B4BD912-B740-489D-BCBB-A8065BE0E15A}.Release|Any CPU.Build.0 = Release|Any CPU
		{4B4BD912-B740-489D-BCBB-A8065BE0E15A}.Release|x64.ActiveCfg = Release|Any CPU
		{4B4BD912-B740-489D-BCBB-A8065BE0E15A}.Release|x64.Build.0 = Release|Any CPU
		{4B4BD912-B740-489D-BCBB-A8065BE0E15A}.Release|x86.ActiveCfg = Release|Any CPU
		{4B4BD912-B740-489D-BCBB-A8065BE0E15A}.Release|x86.Build.0 = Release|Any CPU
		{2D6A4F49-C42A-43E8-A4AD-3E99A5CE228F}.Debug|Any CPU.ActiveCfg = Debug|Any CPU
		{2D6A4F49-C42A-43E8-A4AD-3E99A5CE228F}.Debug|Any CPU.Build.0 = Debug|Any CPU
		{2D6A4F49-C42A-43E8-A4AD-3E99A5CE228F}.Debug|x64.ActiveCfg = Debug|Any CPU
		{2D6A4F49-C42A-43E8-A4AD-3E99A5CE228F}.Debug|x64.Build.0 = Debug|Any CPU
		{2D6A4F49-C42A-43E8-A4AD-3E99A5CE228F}.Debug|x86.ActiveCfg = Debug|Any CPU
		{2D6A4F49-C42A-43E8-A4AD-3E99A5CE228F}.Debug|x86.Build.0 = Debug|Any CPU
		{2D6A4F49-C42A-43E8-A4AD-3E99A5CE228F}.Release|Any CPU.ActiveCfg = Release|Any CPU
		{2D6A4F49-C42A-43E8-A4AD-3E99A5CE228F}.Release|Any CPU.Build.0 = Release|Any CPU
		{2D6A4F49-C42A-43E8-A4AD-3E99A5CE228F}.Release|x64.ActiveCfg = Release|Any CPU
		{2D6A4F49-C42A-43E8-A4AD-3E99A5CE228F}.Release|x64.Build.0 = Release|Any CPU
		{2D6A4F49-C42A-43E8-A4AD-3E99A5CE228F}.Release|x86.ActiveCfg = Release|Any CPU
		{2D6A4F49-C42A-43E8-A4AD-3E99A5CE228F}.Release|x86.Build.0 = Release|Any CPU
		{A98055F7-39C7-4DB7-86A3-030CBAC4698D}.Debug|Any CPU.ActiveCfg = Debug|Any CPU
		{A98055F7-39C7-4DB7-86A3-030CBAC4698D}.Debug|Any CPU.Build.0 = Debug|Any CPU
		{A98055F7-39C7-4DB7-86A3-030CBAC4698D}.Debug|x64.ActiveCfg = Debug|Any CPU
		{A98055F7-39C7-4DB7-86A3-030CBAC4698D}.Debug|x64.Build.0 = Debug|Any CPU
		{A98055F7-39C7-4DB7-86A3-030CBAC4698D}.Debug|x86.ActiveCfg = Debug|Any CPU
		{A98055F7-39C7-4DB7-86A3-030CBAC4698D}.Debug|x86.Build.0 = Debug|Any CPU
		{A98055F7-39C7-4DB7-86A3-030CBAC4698D}.Release|Any CPU.ActiveCfg = Release|Any CPU
		{A98055F7-39C7-4DB7-86A3-030CBAC4698D}.Release|Any CPU.Build.0 = Release|Any CPU
		{A98055F7-39C7-4DB7-86A3-030CBAC4698D}.Release|x64.ActiveCfg = Release|Any CPU
		{A98055F7-39C7-4DB7-86A3-030CBAC4698D}.Release|x64.Build.0 = Release|Any CPU
		{A98055F7-39C7-4DB7-86A3-030CBAC4698D}.Release|x86.ActiveCfg = Release|Any CPU
		{A98055F7-39C7-4DB7-86A3-030CBAC4698D}.Release|x86.Build.0 = Release|Any CPU
	EndGlobalSection
	GlobalSection(SolutionProperties) = preSolution
		HideSolutionNode = FALSE
	EndGlobalSection
EndGlobal
